
Microsoft Visual Studio Solution File, Format Version 12.00
# Visual Studio Version 16
VisualStudioVersion = 16.0.31306.274
MinimumVisualStudioVersion = 10.0.40219.1
Project("{9A19103F-16F7-4668-BE54-9A1E7A4F7556}") = "Subst.NET", "Subst.NET\Subst.NET.csproj", "{D4FE508E-E58C-4C1D-927A-04259E1C5881}"
EndProject
Project("{9A19103F-16F7-4668-BE54-9A1E7A4F7556}") = "Subst.NET.Test", "Subst.NET.Test\Subst.NET.Test.csproj", "{0EA4CA61-34A2-40AD-B806-5E5579FD0149}"
EndProject
Project("{FAE04EC0-301F-11D3-BF4B-00C04F79EFBC}") = "Subst.NET.Sample", "Subst.NET.Sample\Subst.NET.Sample.csproj", "{B8EB63B8-D1FC-4A83-B833-961B17B27DDD}"
EndProject
Global
	GlobalSection(SolutionConfigurationPlatforms) = preSolution
		Debug|Any CPU = Debug|Any CPU
		Release|Any CPU = Release|Any CPU
	EndGlobalSection
	GlobalSection(ProjectConfigurationPlatforms) = postSolution
		{D4FE508E-E58C-4C1D-927A-04259E1C5881}.Debug|Any CPU.ActiveCfg = Debug|Any CPU
		{D4FE508E-E58C-4C1D-927A-04259E1C5881}.Debug|Any CPU.Build.0 = Debug|Any CPU
		{D4FE508E-E58C-4C1D-927A-04259E1C5881}.Release|Any CPU.ActiveCfg = Release|Any CPU
		{D4FE508E-E58C-4C1D-927A-04259E1C5881}.Release|Any CPU.Build.0 = Release|Any CPU
		{0EA4CA61-34A2-40AD-B806-5E5579FD0149}.Debug|Any CPU.ActiveCfg = Debug|Any CPU
		{0EA4CA61-34A2-40AD-B806-5E5579FD0149}.Debug|Any CPU.Build.0 = Debug|Any CPU
		{0EA4CA61-34A2-40AD-B806-5E5579FD0149}.Release|Any CPU.ActiveCfg = Release|Any CPU
		{0EA4CA61-34A2-40AD-B806-5E5579FD0149}.Release|Any CPU.Build.0 = Release|Any CPU
		{B8EB63B8-D1FC-4A83-B833-961B17B27DDD}.Debug|Any CPU.ActiveCfg = Debug|Any CPU
		{B8EB63B8-D1FC-4A83-B833-961B17B27DDD}.Debug|Any CPU.Build.0 = Debug|Any CPU
		{B8EB63B8-D1FC-4A83-B833-961B17B27DDD}.Release|Any CPU.ActiveCfg = Release|Any CPU
		{B8EB63B8-D1FC-4A83-B833-961B17B27DDD}.Release|Any CPU.Build.0 = Release|Any CPU
	EndGlobalSection
	GlobalSection(SolutionProperties) = preSolution
		HideSolutionNode = FALSE
	EndGlobalSection
	GlobalSection(ExtensibilityGlobals) = postSolution
		SolutionGuid = {72B3E3D3-68A8-4C02-B278-D316B3D3C777}
	EndGlobalSection
EndGlobal
